
Microsoft Visual Studio Solution File, Format Version 12.00
# Visual Studio Version 17
VisualStudioVersion = 17.5.33530.505
MinimumVisualStudioVersion = 10.0.40219.1
Project("{FAE04EC0-301F-11D3-BF4B-00C04F79EFBC}") = "Subtitler_MSP", "Subtitler_MSP\Subtitler_MSP.csproj", "{C294FAE6-E672-4694-9B1E-0E4141C0004C}"
EndProject
Global
	GlobalSection(SolutionConfigurationPlatforms) = preSolution
		Debug|Any CPU = Debug|Any CPU
		Release|Any CPU = Release|Any CPU
	EndGlobalSection
	GlobalSection(ProjectConfigurationPlatforms) = postSolution
		{C294FAE6-E672-4694-9B1E-0E4141C0004C}.Debug|Any CPU.ActiveCfg = Debug|Any CPU
		{C294FAE6-E672-4694-9B1E-0E4141C0004C}.Debug|Any CPU.Build.0 = Debug|Any CPU
		{C294FAE6-E672-4694-9B1E-0E4141C0004C}.Release|Any CPU.ActiveCfg = Release|Any CPU
		{C294FAE6-E672-4694-9B1E-0E4141C0004C}.Release|Any CPU.Build.0 = Release|Any CPU
	EndGlobalSection
	GlobalSection(SolutionProperties) = preSolution
		HideSolutionNode = FALSE
	EndGlobalSection
	GlobalSection(ExtensibilityGlobals) = postSolution
		SolutionGuid = {E81E90FF-654C-4622-889D-592ED3A5E2B1}
	EndGlobalSection
EndGlobal
